// !$*UTF8*$!
{
	archiveVersion = 1;
	classes = {
	};
	objectVersion = 56;
	objects = {

/* Begin PBXBuildFile section */
		ED18D06F543E494089F190A6 /* ScreenLingoApp.swift in Sources */ = {isa = PBXBuildFile; fileRef = 485332790FAC413880F7C275 /* ScreenLingoApp.swift */; };
		4EE5FCBE073145DC88CC9893 /* HomeView.swift in Sources */ = {isa = PBXBuildFile; fileRef = 18316CAE4AC74B9CB950F250 /* HomeView.swift */; };
		41B91376041C47BE98FB59F2 /* SettingsView.swift in Sources */ = {isa = PBXBuildFile; fileRef = DF5568E2EB3D478E8BDA0B89 /* SettingsView.swift */; };
		C70C9441277945329163AA6D /* RegionEditorView.swift in Sources */ = {isa = PBXBuildFile; fileRef = C649554977E74BF88EF163EB /* RegionEditorView.swift */; };
		F378F0111F1F452E8D23B2AA /* BroadcastPicker.swift in Sources */ = {isa = PBXBuildFile; fileRef = C8961EEA70184446B2BEB435 /* BroadcastPicker.swift */; };
		1E970DFA0D1B45FD9B8D359B /* Theme.swift in Sources */ = {isa = PBXBuildFile; fileRef = A367D8E8E68F45CD8FBA5F93 /* Theme.swift */; };
		420579C03A824A9498ED8D63 /* TranslationSessionController.swift in Sources */ = {isa = PBXBuildFile; fileRef = 3BA802583DD74A7AB6E46688 /* TranslationSessionController.swift */; };
		ADE40D238FDB4DA5B7C90CA1 /* OCREngine.swift in Sources */ = {isa = PBXBuildFile; fileRef = 87663DAEC47443A08D9D8CE9 /* OCREngine.swift */; };
		CA18C83B2EAB4EA080A0FDD2 /* Translator.swift in Sources */ = {isa = PBXBuildFile; fileRef = A5F5FB81908A4EA2BA9679A9 /* Translator.swift */; };
		1E6D6155B547467BA534DF36 /* PiPCaptionController.swift in Sources */ = {isa = PBXBuildFile; fileRef = 87FBAB5DA0EF4902A40880A5 /* PiPCaptionController.swift */; };
		2EC5E443D04749D5AF907775 /* SilentAudio.swift in Sources */ = {isa = PBXBuildFile; fileRef = D239AD735CED4ACF95AD9806 /* SilentAudio.swift */; };
		F4A01EEDA0D74F32B0409591 /* AppConstants.swift in Sources */ = {isa = PBXBuildFile; fileRef = 190DD96E1B1F4DB3BC652B5F /* AppConstants.swift */; };
		2F1E2824D7C04758A7C9B529 /* Models.swift in Sources */ = {isa = PBXBuildFile; fileRef = 22E02968A98B4F43B63D354E /* Models.swift */; };
		170D9C7CC9A84832BC851700 /* AppSettings.swift in Sources */ = {isa = PBXBuildFile; fileRef = 97649626298B41AFB2C4F419 /* AppSettings.swift */; };
		6CB3404B13B041C29B6A0C57 /* AppGroupStore.swift in Sources */ = {isa = PBXBuildFile; fileRef = 51ADCFAFFDA0444CB97702FC /* AppGroupStore.swift */; };
		0E6C4F992AF44653AC433BC0 /* SampleHandler.swift in Sources */ = {isa = PBXBuildFile; fileRef = 96211889D9B24A7592A27313 /* SampleHandler.swift */; };
		65198FC8867C40E19C954A13 /* AppConstants.swift in Sources */ = {isa = PBXBuildFile; fileRef = 190DD96E1B1F4DB3BC652B5F /* AppConstants.swift */; };
		5CB16C6A94444ABB880F4706 /* Models.swift in Sources */ = {isa = PBXBuildFile; fileRef = 22E02968A98B4F43B63D354E /* Models.swift */; };
		9D8B6BA1F86C4A2589BBFB1F /* AppSettings.swift in Sources */ = {isa = PBXBuildFile; fileRef = 97649626298B41AFB2C4F419 /* AppSettings.swift */; };
		B8267CC942F14659AA1E79B7 /* AppGroupStore.swift in Sources */ = {isa = PBXBuildFile; fileRef = 51ADCFAFFDA0444CB97702FC /* AppGroupStore.swift */; };
		2290BDC9D19F46AC8A220301 /* Assets.xcassets in Resources */ = {isa = PBXBuildFile; fileRef = CE284D34031C4F649D1E9D5F /* Assets.xcassets */; };
		D3CB07C1B0D34DBF9F563643 /* PrivacyInfo.xcprivacy in Resources */ = {isa = PBXBuildFile; fileRef = 6CC753C8D0CC49368E8280CE /* PrivacyInfo.xcprivacy */; };
		4D161228F6D14E59ACCC8E18 /* Broadcast.appex in Embed App Extensions */ = {isa = PBXBuildFile; fileRef = 5A1308A2FE6F40F5AC4104AA /* Broadcast.appex */; settings = {ATTRIBUTES = (RemoveHeadersOnCopy, ); }; };
		7C4B138D235948AD9765618A /* ReplayKit.framework in Frameworks */ = {isa = PBXBuildFile; fileRef = 264EFBBFF74E430DA19FD240 /* ReplayKit.framework */; };
		39DCE16FEAFE41858BF91137 /* AVKit.framework in Frameworks */ = {isa = PBXBuildFile; fileRef = 8EBE4068C53F42E4B31CF8D4 /* AVKit.framework */; };
		B0FE23329E9342808FBFAE89 /* AVFoundation.framework in Frameworks */ = {isa = PBXBuildFile; fileRef = D3D88EF9BC2C44218392C9B5 /* AVFoundation.framework */; };
		CAD79E7D6F334C6CB189435C /* Vision.framework in Frameworks */ = {isa = PBXBuildFile; fileRef = 735165651A1D4716A6631DC1 /* Vision.framework */; };
		C2E11C3E3A524AE1870C9EF6 /* PhotosUI.framework in Frameworks */ = {isa = PBXBuildFile; fileRef = 2914E2673C8E4835BF73B66C /* PhotosUI.framework */; };
		260341EBFC3C43718789B186 /* CoreMedia.framework in Frameworks */ = {isa = PBXBuildFile; fileRef = 534A00709818495FA85FFF8E /* CoreMedia.framework */; };
		6739AA069B0746519ED9374D /* CoreImage.framework in Frameworks */ = {isa = PBXBuildFile; fileRef = CE21DDCC0D134955B748C97F /* CoreImage.framework */; };
		F1AD45BB9F434B39B3A9E81D /* CoreVideo.framework in Frameworks */ = {isa = PBXBuildFile; fileRef = FD47C52F4F7B43C89D8F71E2 /* CoreVideo.framework */; };
		5768B636F0BD44409BED13E9 /* ImageIO.framework in Frameworks */ = {isa = PBXBuildFile; fileRef = 64B8531E7F5C431CB0310F1B /* ImageIO.framework */; };
		C1CEFEFE94694761A5F3C4A3 /* UniformTypeIdentifiers.framework in Frameworks */ = {isa = PBXBuildFile; fileRef = 4B8732D1AD894628A6A8F593 /* UniformTypeIdentifiers.framework */; };
		72A4613AF9BD4EEF923B8916 /* CryptoKit.framework in Frameworks */ = {isa = PBXBuildFile; fileRef = 4B5210BF5AC84A7CAB224CB2 /* CryptoKit.framework */; };
		387762D0AE8C4EEBA31502E4 /* ReplayKit.framework in Frameworks */ = {isa = PBXBuildFile; fileRef = 264EFBBFF74E430DA19FD240 /* ReplayKit.framework */; };
		4CDE2B0852554A19930F2C6F /* CoreMedia.framework in Frameworks */ = {isa = PBXBuildFile; fileRef = 534A00709818495FA85FFF8E /* CoreMedia.framework */; };
		A37ED12E073E4D8686045E94 /* CoreVideo.framework in Frameworks */ = {isa = PBXBuildFile; fileRef = FD47C52F4F7B43C89D8F71E2 /* CoreVideo.framework */; };
		0DF616E0A8D341189CEB82E1 /* CoreImage.framework in Frameworks */ = {isa = PBXBuildFile; fileRef = CE21DDCC0D134955B748C97F /* CoreImage.framework */; };
		D8BB07E36F7848E99FA162CC /* ImageIO.framework in Frameworks */ = {isa = PBXBuildFile; fileRef = 64B8531E7F5C431CB0310F1B /* ImageIO.framework */; };
		F094FD34BCA74388867C1034 /* UniformTypeIdentifiers.framework in Frameworks */ = {isa = PBXBuildFile; fileRef = 4B8732D1AD894628A6A8F593 /* UniformTypeIdentifiers.framework */; };
		D512526214994489BEA50E0A /* QuartzCore.framework in Frameworks */ = {isa = PBXBuildFile; fileRef = 010AD28FDEE940629A10CB59 /* QuartzCore.framework */; };
/* End PBXBuildFile section */

/* Begin PBXContainerItemProxy section */
		B20DD9DFF3114932BAEF9292 /* PBXContainerItemProxy */ = {
			isa = PBXContainerItemProxy;
			containerPortal = 25F9293BF7DA460D81532547 /* Project object */;
			proxyType = 1;
			remoteGlobalIDString = D8D8080C4E124537B5C7ADBA;
			remoteInfo = Broadcast;
		};
/* End PBXContainerItemProxy section */

/* Begin PBXCopyFilesBuildPhase section */
		F885936BABE84CD58BB5BF54 /* Embed App Extensions */ = {
			isa = PBXCopyFilesBuildPhase;
			buildActionMask = 2147483647;
			dstPath = "";
			dstSubfolderSpec = 13;
			files = (
				4D161228F6D14E59ACCC8E18 /* Broadcast.appex in Embed App Extensions */,
			);
			name = "Embed App Extensions";
			runOnlyForDeploymentPostprocessing = 0;
		};
/* End PBXCopyFilesBuildPhase section */

/* Begin PBXFileReference section */
		916E4B74AD834DA882478D5F /* ScreenLingo.app */ = {isa = PBXFileReference; explicitFileType = wrapper.application; includeInIndex = 0; path = ScreenLingo.app; sourceTree = BUILT_PRODUCTS_DIR; };
		5A1308A2FE6F40F5AC4104AA /* Broadcast.appex */ = {isa = PBXFileReference; explicitFileType = "wrapper.app-extension"; includeInIndex = 0; path = Broadcast.appex; sourceTree = BUILT_PRODUCTS_DIR; };
		CE284D34031C4F649D1E9D5F /* Assets.xcassets */ = {isa = PBXFileReference; lastKnownFileType = folder.assetcatalog; path = Assets.xcassets; sourceTree = "<group>"; };
		6CC753C8D0CC49368E8280CE /* PrivacyInfo.xcprivacy */ = {isa = PBXFileReference; lastKnownFileType = text.xml; path = PrivacyInfo.xcprivacy; sourceTree = "<group>"; };
		957BFE8225494A24BD761771 /* ScreenLingo.entitlements */ = {isa = PBXFileReference; lastKnownFileType = text.plist.entitlements; path = ScreenLingo.entitlements; sourceTree = "<group>"; };
		9BA2CE1C14294F659EBF8A33 /* Info.plist */ = {isa = PBXFileReference; lastKnownFileType = text.plist.xml; path = Info.plist; sourceTree = "<group>"; };
		CAFA9359037E4E07ABB91789 /* Broadcast.entitlements */ = {isa = PBXFileReference; lastKnownFileType = text.plist.entitlements; path = Broadcast.entitlements; sourceTree = "<group>"; };
		EEC1F27806DD431BAAFE43D0 /* Info.plist */ = {isa = PBXFileReference; lastKnownFileType = text.plist.xml; path = Info.plist; sourceTree = "<group>"; };
		485332790FAC413880F7C275 /* ScreenLingoApp.swift */ = {isa = PBXFileReference; lastKnownFileType = sourcecode.swift; path = ScreenLingoApp.swift; sourceTree = "<group>"; };
		18316CAE4AC74B9CB950F250 /* HomeView.swift */ = {isa = PBXFileReference; lastKnownFileType = sourcecode.swift; path = HomeView.swift; sourceTree = "<group>"; };
		DF5568E2EB3D478E8BDA0B89 /* SettingsView.swift */ = {isa = PBXFileReference; lastKnownFileType = sourcecode.swift; path = SettingsView.swift; sourceTree = "<group>"; };
		C649554977E74BF88EF163EB /* RegionEditorView.swift */ = {isa = PBXFileReference; lastKnownFileType = sourcecode.swift; path = RegionEditorView.swift; sourceTree = "<group>"; };
		C8961EEA70184446B2BEB435 /* BroadcastPicker.swift */ = {isa = PBXFileReference; lastKnownFileType = sourcecode.swift; path = BroadcastPicker.swift; sourceTree = "<group>"; };
		A367D8E8E68F45CD8FBA5F93 /* Theme.swift */ = {isa = PBXFileReference; lastKnownFileType = sourcecode.swift; path = Theme.swift; sourceTree = "<group>"; };
		3BA802583DD74A7AB6E46688 /* TranslationSessionController.swift */ = {isa = PBXFileReference; lastKnownFileType = sourcecode.swift; path = TranslationSessionController.swift; sourceTree = "<group>"; };
		87663DAEC47443A08D9D8CE9 /* OCREngine.swift */ = {isa = PBXFileReference; lastKnownFileType = sourcecode.swift; path = OCREngine.swift; sourceTree = "<group>"; };
		A5F5FB81908A4EA2BA9679A9 /* Translator.swift */ = {isa = PBXFileReference; lastKnownFileType = sourcecode.swift; path = Translator.swift; sourceTree = "<group>"; };
		87FBAB5DA0EF4902A40880A5 /* PiPCaptionController.swift */ = {isa = PBXFileReference; lastKnownFileType = sourcecode.swift; path = PiPCaptionController.swift; sourceTree = "<group>"; };
		D239AD735CED4ACF95AD9806 /* SilentAudio.swift */ = {isa = PBXFileReference; lastKnownFileType = sourcecode.swift; path = SilentAudio.swift; sourceTree = "<group>"; };
		190DD96E1B1F4DB3BC652B5F /* AppConstants.swift */ = {isa = PBXFileReference; lastKnownFileType = sourcecode.swift; path = AppConstants.swift; sourceTree = "<group>"; };
		22E02968A98B4F43B63D354E /* Models.swift */ = {isa = PBXFileReference; lastKnownFileType = sourcecode.swift; path = Models.swift; sourceTree = "<group>"; };
		97649626298B41AFB2C4F419 /* AppSettings.swift */ = {isa = PBXFileReference; lastKnownFileType = sourcecode.swift; path = AppSettings.swift; sourceTree = "<group>"; };
		51ADCFAFFDA0444CB97702FC /* AppGroupStore.swift */ = {isa = PBXFileReference; lastKnownFileType = sourcecode.swift; path = AppGroupStore.swift; sourceTree = "<group>"; };
		96211889D9B24A7592A27313 /* SampleHandler.swift */ = {isa = PBXFileReference; lastKnownFileType = sourcecode.swift; path = SampleHandler.swift; sourceTree = "<group>"; };
		264EFBBFF74E430DA19FD240 /* ReplayKit.framework */ = {isa = PBXFileReference; lastKnownFileType = wrapper.framework; name = ReplayKit.framework; path = System/Library/Frameworks/ReplayKit.framework; sourceTree = SDKROOT; };
		8EBE4068C53F42E4B31CF8D4 /* AVKit.framework */ = {isa = PBXFileReference; lastKnownFileType = wrapper.framework; name = AVKit.framework; path = System/Library/Frameworks/AVKit.framework; sourceTree = SDKROOT; };
		D3D88EF9BC2C44218392C9B5 /* AVFoundation.framework */ = {isa = PBXFileReference; lastKnownFileType = wrapper.framework; name = AVFoundation.framework; path = System/Library/Frameworks/AVFoundation.framework; sourceTree = SDKROOT; };
		735165651A1D4716A6631DC1 /* Vision.framework */ = {isa = PBXFileReference; lastKnownFileType = wrapper.framework; name = Vision.framework; path = System/Library/Frameworks/Vision.framework; sourceTree = SDKROOT; };
		2914E2673C8E4835BF73B66C /* PhotosUI.framework */ = {isa = PBXFileReference; lastKnownFileType = wrapper.framework; name = PhotosUI.framework; path = System/Library/Frameworks/PhotosUI.framework; sourceTree = SDKROOT; };
		534A00709818495FA85FFF8E /* CoreMedia.framework */ = {isa = PBXFileReference; lastKnownFileType = wrapper.framework; name = CoreMedia.framework; path = System/Library/Frameworks/CoreMedia.framework; sourceTree = SDKROOT; };
		CE21DDCC0D134955B748C97F /* CoreImage.framework */ = {isa = PBXFileReference; lastKnownFileType = wrapper.framework; name = CoreImage.framework; path = System/Library/Frameworks/CoreImage.framework; sourceTree = SDKROOT; };
		FD47C52F4F7B43C89D8F71E2 /* CoreVideo.framework */ = {isa = PBXFileReference; lastKnownFileType = wrapper.framework; name = CoreVideo.framework; path = System/Library/Frameworks/CoreVideo.framework; sourceTree = SDKROOT; };
		64B8531E7F5C431CB0310F1B /* ImageIO.framework */ = {isa = PBXFileReference; lastKnownFileType = wrapper.framework; name = ImageIO.framework; path = System/Library/Frameworks/ImageIO.framework; sourceTree = SDKROOT; };
		4B8732D1AD894628A6A8F593 /* UniformTypeIdentifiers.framework */ = {isa = PBXFileReference; lastKnownFileType = wrapper.framework; name = UniformTypeIdentifiers.framework; path = System/Library/Frameworks/UniformTypeIdentifiers.framework; sourceTree = SDKROOT; };
		4B5210BF5AC84A7CAB224CB2 /* CryptoKit.framework */ = {isa = PBXFileReference; lastKnownFileType = wrapper.framework; name = CryptoKit.framework; path = System/Library/Frameworks/CryptoKit.framework; sourceTree = SDKROOT; };
		010AD28FDEE940629A10CB59 /* QuartzCore.framework */ = {isa = PBXFileReference; lastKnownFileType = wrapper.framework; name = QuartzCore.framework; path = System/Library/Frameworks/QuartzCore.framework; sourceTree = SDKROOT; };
/* End PBXFileReference section */

/* Begin PBXFrameworksBuildPhase section */
		E288672D2DB64473B44236A3 /* Frameworks */ = {
			isa = PBXFrameworksBuildPhase;
			buildActionMask = 2147483647;
			files = (
				7C4B138D235948AD9765618A /* ReplayKit.framework in Frameworks */,
				39DCE16FEAFE41858BF91137 /* AVKit.framework in Frameworks */,
				B0FE23329E9342808FBFAE89 /* AVFoundation.framework in Frameworks */,
				CAD79E7D6F334C6CB189435C /* Vision.framework in Frameworks */,
				C2E11C3E3A524AE1870C9EF6 /* PhotosUI.framework in Frameworks */,
				260341EBFC3C43718789B186 /* CoreMedia.framework in Frameworks */,
				6739AA069B0746519ED9374D /* CoreImage.framework in Frameworks */,
				F1AD45BB9F434B39B3A9E81D /* CoreVideo.framework in Frameworks */,
				5768B636F0BD44409BED13E9 /* ImageIO.framework in Frameworks */,
				C1CEFEFE94694761A5F3C4A3 /* UniformTypeIdentifiers.framework in Frameworks */,
				72A4613AF9BD4EEF923B8916 /* CryptoKit.framework in Frameworks */,
			);
			runOnlyForDeploymentPostprocessing = 0;
		};
		54D4EBF8E7A84E42A70FC039 /* Frameworks */ = {
			isa = PBXFrameworksBuildPhase;
			buildActionMask = 2147483647;
			files = (
				387762D0AE8C4EEBA31502E4 /* ReplayKit.framework in Frameworks */,
				4CDE2B0852554A19930F2C6F /* CoreMedia.framework in Frameworks */,
				A37ED12E073E4D8686045E94 /* CoreVideo.framework in Frameworks */,
				0DF616E0A8D341189CEB82E1 /* CoreImage.framework in Frameworks */,
				D8BB07E36F7848E99FA162CC /* ImageIO.framework in Frameworks */,
				F094FD34BCA74388867C1034 /* UniformTypeIdentifiers.framework in Frameworks */,
				D512526214994489BEA50E0A /* QuartzCore.framework in Frameworks */,
			);
			runOnlyForDeploymentPostprocessing = 0;
		};
/* End PBXFrameworksBuildPhase section */

/* Begin PBXGroup section */
		D728EAFD62784993AFFBE662 = {
			isa = PBXGroup;
			children = (
				22AFE17FBDBA478E844F1522 /* App */,
				8AB8269DE60F437BBD276D35 /* Shared */,
				A7FCDC0ECCA5403796D1C05E /* Broadcast */,
				B2C0EEFF8A85462EBDB82DD4 /* Frameworks */,
				712FC7D7BF134206B84C2ADE /* Products */,
			);
			sourceTree = "<group>";
		};
		22AFE17FBDBA478E844F1522 /* App */ = {
			isa = PBXGroup;
			children = (
				485332790FAC413880F7C275 /* ScreenLingoApp.swift */,
				F9024E52909A4544851E9827 /* UI */,
				7D5A0907C5974CDDA07761DB /* Session */,
				A0986584A27C4335B4271CEF /* OCR */,
				096D432FC51C47558E91A1C6 /* Translation */,
				2A7B2861E0FC415D999BD942 /* Overlay */,
				8110190C7D8B440EB7602CB9 /* Audio */,
				CE284D34031C4F649D1E9D5F /* Assets.xcassets */,
				6CC753C8D0CC49368E8280CE /* PrivacyInfo.xcprivacy */,
				957BFE8225494A24BD761771 /* ScreenLingo.entitlements */,
				9BA2CE1C14294F659EBF8A33 /* Info.plist */,
			);
			path = App;
			sourceTree = "<group>";
		};
		F9024E52909A4544851E9827 /* UI */ = {
			isa = PBXGroup;
			children = (
				18316CAE4AC74B9CB950F250 /* HomeView.swift */,
				DF5568E2EB3D478E8BDA0B89 /* SettingsView.swift */,
				C649554977E74BF88EF163EB /* RegionEditorView.swift */,
				C8961EEA70184446B2BEB435 /* BroadcastPicker.swift */,
				A367D8E8E68F45CD8FBA5F93 /* Theme.swift */,
			);
			path = UI;
			sourceTree = "<group>";
		};
		7D5A0907C5974CDDA07761DB /* Session */ = {
			isa = PBXGroup;
			children = (
				3BA802583DD74A7AB6E46688 /* TranslationSessionController.swift */,
			);
			path = Session;
			sourceTree = "<group>";
		};
		A0986584A27C4335B4271CEF /* OCR */ = {
			isa = PBXGroup;
			children = (
				87663DAEC47443A08D9D8CE9 /* OCREngine.swift */,
			);
			path = OCR;
			sourceTree = "<group>";
		};
		096D432FC51C47558E91A1C6 /* Translation */ = {
			isa = PBXGroup;
			children = (
				A5F5FB81908A4EA2BA9679A9 /* Translator.swift */,
			);
			path = Translation;
			sourceTree = "<group>";
		};
		2A7B2861E0FC415D999BD942 /* Overlay */ = {
			isa = PBXGroup;
			children = (
				87FBAB5DA0EF4902A40880A5 /* PiPCaptionController.swift */,
			);
			path = Overlay;
			sourceTree = "<group>";
		};
		8110190C7D8B440EB7602CB9 /* Audio */ = {
			isa = PBXGroup;
			children = (
				D239AD735CED4ACF95AD9806 /* SilentAudio.swift */,
			);
			path = Audio;
			sourceTree = "<group>";
		};
		8AB8269DE60F437BBD276D35 /* Shared */ = {
			isa = PBXGroup;
			children = (
				190DD96E1B1F4DB3BC652B5F /* AppConstants.swift */,
				22E02968A98B4F43B63D354E /* Models.swift */,
				97649626298B41AFB2C4F419 /* AppSettings.swift */,
				51ADCFAFFDA0444CB97702FC /* AppGroupStore.swift */,
			);
			path = Shared;
			sourceTree = "<group>";
		};
		A7FCDC0ECCA5403796D1C05E /* Broadcast */ = {
			isa = PBXGroup;
			children = (
				96211889D9B24A7592A27313 /* SampleHandler.swift */,
				CAFA9359037E4E07ABB91789 /* Broadcast.entitlements */,
				EEC1F27806DD431BAAFE43D0 /* Info.plist */,
			);
			path = Broadcast;
			sourceTree = "<group>";
		};
		712FC7D7BF134206B84C2ADE /* Products */ = {
			isa = PBXGroup;
			children = (
				916E4B74AD834DA882478D5F /* ScreenLingo.app */,
				5A1308A2FE6F40F5AC4104AA /* Broadcast.appex */,
			);
			name = Products;
			sourceTree = "<group>";
		};
		B2C0EEFF8A85462EBDB82DD4 /* Frameworks */ = {
			isa = PBXGroup;
			children = (
				264EFBBFF74E430DA19FD240 /* ReplayKit.framework */,
				8EBE4068C53F42E4B31CF8D4 /* AVKit.framework */,
				D3D88EF9BC2C44218392C9B5 /* AVFoundation.framework */,
				735165651A1D4716A6631DC1 /* Vision.framework */,
				2914E2673C8E4835BF73B66C /* PhotosUI.framework */,
				534A00709818495FA85FFF8E /* CoreMedia.framework */,
				CE21DDCC0D134955B748C97F /* CoreImage.framework */,
				FD47C52F4F7B43C89D8F71E2 /* CoreVideo.framework */,
				64B8531E7F5C431CB0310F1B /* ImageIO.framework */,
				4B8732D1AD894628A6A8F593 /* UniformTypeIdentifiers.framework */,
				4B5210BF5AC84A7CAB224CB2 /* CryptoKit.framework */,
				010AD28FDEE940629A10CB59 /* QuartzCore.framework */,
			);
			name = Frameworks;
			sourceTree = "<group>";
		};
/* End PBXGroup section */

/* Begin PBXNativeTarget section */
		B5ADA8CA36A54BE8AB3BCCA7 /* ScreenLingo */ = {
			isa = PBXNativeTarget;
			buildConfigurationList = CD1A2B8A6097441BAEAE7F0A /* Build configuration list for PBXNativeTarget "ScreenLingo" */;
			buildPhases = (
				45EBCB8877DF4624A20D53F3 /* Sources */,
				E288672D2DB64473B44236A3 /* Frameworks */,
				9D34A3DA163D4FE2AE740C61 /* Resources */,
				F885936BABE84CD58BB5BF54 /* Embed App Extensions */,
			);
			buildRules = (
			);
			dependencies = (
				54980CDED5C843C097F95744 /* PBXTargetDependency */,
			);
			name = ScreenLingo;
			productName = ScreenLingo;
			productReference = 916E4B74AD834DA882478D5F /* ScreenLingo.app */;
			productType = "com.apple.product-type.application";
		};
		D8D8080C4E124537B5C7ADBA /* Broadcast */ = {
			isa = PBXNativeTarget;
			buildConfigurationList = C69865EE134F46B785BF53E1 /* Build configuration list for PBXNativeTarget "Broadcast" */;
			buildPhases = (
				978BBEEC1B3D4C5EB711BC30 /* Sources */,
				54D4EBF8E7A84E42A70FC039 /* Frameworks */,
				0A195A977B5D4DAC87397C28 /* Resources */,
			);
			buildRules = (
			);
			dependencies = (
			);
			name = Broadcast;
			productName = Broadcast;
			productReference = 5A1308A2FE6F40F5AC4104AA /* Broadcast.appex */;
			productType = "com.apple.product-type.app-extension";
		};
/* End PBXNativeTarget section */

/* Begin PBXProject section */
		25F9293BF7DA460D81532547 /* Project object */ = {
			isa = PBXProject;
			attributes = {
				BuildIndependentTargetsInParallel = 1;
				LastSwiftUpdateCheck = 1600;
				LastUpgradeCheck = 1600;
				TargetAttributes = {
					B5ADA8CA36A54BE8AB3BCCA7 = {
						CreatedOnToolsVersion = 16.0;
					};
					D8D8080C4E124537B5C7ADBA = {
						CreatedOnToolsVersion = 16.0;
					};
				};
			};
			buildConfigurationList = 1879F644103741E5899ED8A9 /* Build configuration list for PBXProject "ScreenLingo" */;
			compatibilityVersion = "Xcode 14.0";
			developmentRegion = "zh-Hans";
			hasScannedForEncodings = 0;
			knownRegions = (
				en,
				Base,
				"zh-Hans",
			);
			mainGroup = D728EAFD62784993AFFBE662;
			productRefGroup = 712FC7D7BF134206B84C2ADE /* Products */;
			projectDirPath = "";
			projectRoot = "";
			targets = (
				B5ADA8CA36A54BE8AB3BCCA7 /* ScreenLingo */,
				D8D8080C4E124537B5C7ADBA /* Broadcast */,
			);
		};
/* End PBXProject section */

/* Begin PBXResourcesBuildPhase section */
		9D34A3DA163D4FE2AE740C61 /* Resources */ = {
			isa = PBXResourcesBuildPhase;
			buildActionMask = 2147483647;
			files = (
				2290BDC9D19F46AC8A220301 /* Assets.xcassets in Resources */,
				D3CB07C1B0D34DBF9F563643 /* PrivacyInfo.xcprivacy in Resources */,
			);
			runOnlyForDeploymentPostprocessing = 0;
		};
		0A195A977B5D4DAC87397C28 /* Resources */ = {
			isa = PBXResourcesBuildPhase;
			buildActionMask = 2147483647;
			files = (
			);
			runOnlyForDeploymentPostprocessing = 0;
		};
/* End PBXResourcesBuildPhase section */

/* Begin PBXSourcesBuildPhase section */
		45EBCB8877DF4624A20D53F3 /* Sources */ = {
			isa = PBXSourcesBuildPhase;
			buildActionMask = 2147483647;
			files = (
				ED18D06F543E494089F190A6 /* ScreenLingoApp.swift in Sources */,
				4EE5FCBE073145DC88CC9893 /* HomeView.swift in Sources */,
				41B91376041C47BE98FB59F2 /* SettingsView.swift in Sources */,
				C70C9441277945329163AA6D /* RegionEditorView.swift in Sources */,
				F378F0111F1F452E8D23B2AA /* BroadcastPicker.swift in Sources */,
				1E970DFA0D1B45FD9B8D359B /* Theme.swift in Sources */,
				420579C03A824A9498ED8D63 /* TranslationSessionController.swift in Sources */,
				ADE40D238FDB4DA5B7C90CA1 /* OCREngine.swift in Sources */,
				CA18C83B2EAB4EA080A0FDD2 /* Translator.swift in Sources */,
				1E6D6155B547467BA534DF36 /* PiPCaptionController.swift in Sources */,
				2EC5E443D04749D5AF907775 /* SilentAudio.swift in Sources */,
				F4A01EEDA0D74F32B0409591 /* AppConstants.swift in Sources */,
				2F1E2824D7C04758A7C9B529 /* Models.swift in Sources */,
				170D9C7CC9A84832BC851700 /* AppSettings.swift in Sources */,
				6CB3404B13B041C29B6A0C57 /* AppGroupStore.swift in Sources */,
			);
			runOnlyForDeploymentPostprocessing = 0;
		};
		978BBEEC1B3D4C5EB711BC30 /* Sources */ = {
			isa = PBXSourcesBuildPhase;
			buildActionMask = 2147483647;
			files = (
				0E6C4F992AF44653AC433BC0 /* SampleHandler.swift in Sources */,
				65198FC8867C40E19C954A13 /* AppConstants.swift in Sources */,
				5CB16C6A94444ABB880F4706 /* Models.swift in Sources */,
				9D8B6BA1F86C4A2589BBFB1F /* AppSettings.swift in Sources */,
				B8267CC942F14659AA1E79B7 /* AppGroupStore.swift in Sources */,
			);
			runOnlyForDeploymentPostprocessing = 0;
		};
/* End PBXSourcesBuildPhase section */

/* Begin PBXTargetDependency section */
		54980CDED5C843C097F95744 /* PBXTargetDependency */ = {
			isa = PBXTargetDependency;
			target = D8D8080C4E124537B5C7ADBA /* Broadcast */;
			targetProxy = B20DD9DFF3114932BAEF9292 /* PBXContainerItemProxy */;
		};
/* End PBXTargetDependency section */

/* Begin XCBuildConfiguration section */
		0C20474F76C247ACB9F8A8B0 /* Debug */ = {
			isa = XCBuildConfiguration;
			buildSettings = {
				ALWAYS_SEARCH_USER_PATHS = NO;
				CLANG_ENABLE_MODULES = YES;
				CLANG_ENABLE_OBJC_ARC = YES;
				COPY_PHASE_STRIP = NO;
				ENABLE_STRICT_OBJC_MSGSEND = YES;
				GCC_NO_COMMON_BLOCKS = YES;
				IPHONEOS_DEPLOYMENT_TARGET = 16.0;
				SDKROOT = iphoneos;
				SWIFT_VERSION = 5.0;
				DEBUG_INFORMATION_FORMAT = dwarf;
				ENABLE_TESTABILITY = YES;
				GCC_DYNAMIC_NO_PIC = NO;
				GCC_OPTIMIZATION_LEVEL = 0;
				MTL_ENABLE_DEBUG_INFO = INCLUDE_SOURCE;
				ONLY_ACTIVE_ARCH = YES;
				SWIFT_ACTIVE_COMPILATION_CONDITIONS = DEBUG;
				SWIFT_OPTIMIZATION_LEVEL = "-Onone";
			};
			name = Debug;
		};
		3066798837F84A43851BCAE4 /* Release */ = {
			isa = XCBuildConfiguration;
			buildSettings = {
				ALWAYS_SEARCH_USER_PATHS = NO;
				CLANG_ENABLE_MODULES = YES;
				CLANG_ENABLE_OBJC_ARC = YES;
				COPY_PHASE_STRIP = NO;
				ENABLE_STRICT_OBJC_MSGSEND = YES;
				GCC_NO_COMMON_BLOCKS = YES;
				IPHONEOS_DEPLOYMENT_TARGET = 16.0;
				SDKROOT = iphoneos;
				SWIFT_VERSION = 5.0;
				DEBUG_INFORMATION_FORMAT = "dwarf-with-dsym";
				ENABLE_NS_ASSERTIONS = NO;
				MTL_ENABLE_DEBUG_INFO = NO;
				SWIFT_COMPILATION_MODE = wholemodule;
				SWIFT_OPTIMIZATION_LEVEL = "-O";
				VALIDATE_PRODUCT = YES;
			};
			name = Release;
		};
		CDA95E65FC2543A3B5ABDD2A /* Debug */ = {
			isa = XCBuildConfiguration;
			buildSettings = {
				ASSETCATALOG_COMPILER_APPICON_NAME = AppIcon;
				ASSETCATALOG_COMPILER_GLOBAL_ACCENT_COLOR_NAME = AccentColor;
				CODE_SIGN_ENTITLEMENTS = App/ScreenLingo.entitlements;
				CODE_SIGNING_ALLOWED = NO;
				CODE_SIGNING_REQUIRED = NO;
				CODE_SIGN_IDENTITY = "";
				CODE_SIGN_STYLE = Manual;
				CURRENT_PROJECT_VERSION = 13;
				DEVELOPMENT_TEAM = "";
				GENERATE_INFOPLIST_FILE = NO;
				INFOPLIST_FILE = App/Info.plist;
				LD_RUNPATH_SEARCH_PATHS = "$(inherited) @executable_path/Frameworks";
				MARKETING_VERSION = 1.1.1;
				PRODUCT_BUNDLE_IDENTIFIER = dev.screenlingo.app;
				PRODUCT_NAME = ScreenLingo;
				SUPPORTS_MACCATALYST = NO;
				SWIFT_EMIT_LOC_STRINGS = YES;
				TARGETED_DEVICE_FAMILY = "1,2";
			};
			name = Debug;
		};
		1B133532CFE649E9BA2E5D74 /* Release */ = {
			isa = XCBuildConfiguration;
			buildSettings = {
				ASSETCATALOG_COMPILER_APPICON_NAME = AppIcon;
				ASSETCATALOG_COMPILER_GLOBAL_ACCENT_COLOR_NAME = AccentColor;
				CODE_SIGN_ENTITLEMENTS = App/ScreenLingo.entitlements;
				CODE_SIGNING_ALLOWED = NO;
				CODE_SIGNING_REQUIRED = NO;
				CODE_SIGN_IDENTITY = "";
				CODE_SIGN_STYLE = Manual;
				CURRENT_PROJECT_VERSION = 13;
				DEVELOPMENT_TEAM = "";
				GENERATE_INFOPLIST_FILE = NO;
				INFOPLIST_FILE = App/Info.plist;
				LD_RUNPATH_SEARCH_PATHS = "$(inherited) @executable_path/Frameworks";
				MARKETING_VERSION = 1.1.1;
				PRODUCT_BUNDLE_IDENTIFIER = dev.screenlingo.app;
				PRODUCT_NAME = ScreenLingo;
				SUPPORTS_MACCATALYST = NO;
				SWIFT_EMIT_LOC_STRINGS = YES;
				TARGETED_DEVICE_FAMILY = "1,2";
			};
			name = Release;
		};
		A53E78F45B714D52B57799B6 /* Debug */ = {
			isa = XCBuildConfiguration;
			buildSettings = {
				CODE_SIGN_ENTITLEMENTS = Broadcast/Broadcast.entitlements;
				CODE_SIGNING_ALLOWED = NO;
				CODE_SIGNING_REQUIRED = NO;
				CODE_SIGN_IDENTITY = "";
				CODE_SIGN_STYLE = Manual;
				CURRENT_PROJECT_VERSION = 13;
				DEVELOPMENT_TEAM = "";
				GENERATE_INFOPLIST_FILE = NO;
				INFOPLIST_FILE = Broadcast/Info.plist;
				LD_RUNPATH_SEARCH_PATHS = "$(inherited) @executable_path/Frameworks @executable_path/../../Frameworks";
				MARKETING_VERSION = 1.1.1;
				PRODUCT_BUNDLE_IDENTIFIER = dev.screenlingo.app.broadcast;
				PRODUCT_NAME = Broadcast;
				SKIP_INSTALL = YES;
				SWIFT_EMIT_LOC_STRINGS = YES;
				TARGETED_DEVICE_FAMILY = "1,2";
			};
			name = Debug;
		};
		79E8E7CEC14D4766B6864811 /* Release */ = {
			isa = XCBuildConfiguration;
			buildSettings = {
				CODE_SIGN_ENTITLEMENTS = Broadcast/Broadcast.entitlements;
				CODE_SIGNING_ALLOWED = NO;
				CODE_SIGNING_REQUIRED = NO;
				CODE_SIGN_IDENTITY = "";
				CODE_SIGN_STYLE = Manual;
				CURRENT_PROJECT_VERSION = 13;
				DEVELOPMENT_TEAM = "";
				GENERATE_INFOPLIST_FILE = NO;
				INFOPLIST_FILE = Broadcast/Info.plist;
				LD_RUNPATH_SEARCH_PATHS = "$(inherited) @executable_path/Frameworks @executable_path/../../Frameworks";
				MARKETING_VERSION = 1.1.1;
				PRODUCT_BUNDLE_IDENTIFIER = dev.screenlingo.app.broadcast;
				PRODUCT_NAME = Broadcast;
				SKIP_INSTALL = YES;
				SWIFT_EMIT_LOC_STRINGS = YES;
				TARGETED_DEVICE_FAMILY = "1,2";
			};
			name = Release;
		};
/* End XCBuildConfiguration section */

/* Begin XCConfigurationList section */
		1879F644103741E5899ED8A9 /* Build configuration list for PBXProject "ScreenLingo" */ = {
			isa = XCConfigurationList;
			buildConfigurations = (
				0C20474F76C247ACB9F8A8B0 /* Debug */,
				3066798837F84A43851BCAE4 /* Release */,
			);
			defaultConfigurationIsVisible = 0;
			defaultConfigurationName = Release;
		};
		CD1A2B8A6097441BAEAE7F0A /* Build configuration list for PBXNativeTarget "ScreenLingo" */ = {
			isa = XCConfigurationList;
			buildConfigurations = (
				CDA95E65FC2543A3B5ABDD2A /* Debug */,
				1B133532CFE649E9BA2E5D74 /* Release */,
			);
			defaultConfigurationIsVisible = 0;
			defaultConfigurationName = Release;
		};
		C69865EE134F46B785BF53E1 /* Build configuration list for PBXNativeTarget "Broadcast" */ = {
			isa = XCConfigurationList;
			buildConfigurations = (
				A53E78F45B714D52B57799B6 /* Debug */,
				79E8E7CEC14D4766B6864811 /* Release */,
			);
			defaultConfigurationIsVisible = 0;
			defaultConfigurationName = Release;
		};
/* End XCConfigurationList section */
	};
	rootObject = 25F9293BF7DA460D81532547 /* Project object */;
}
